// !$*UTF8*$!
{
	archiveVersion = 1;
	classes = {
	};
	objectVersion = 56;
	objects = {

/* Begin PBXBuildFile section */
		3B0FA58A29A7B71C001D61BB /* AppDelegate.swift in Sources */ = {isa = PBXBuildFile; fileRef = 3B0FA58929A7B71C001D61BB /* AppDelegate.swift */; };
		3B0FA58C29A7B71C001D61BB /* SceneDelegate.swift in Sources */ = {isa = PBXBuildFile; fileRef = 3B0FA58B29A7B71C001D61BB /* SceneDelegate.swift */; };
		3B0FA58E29A7B71C001D61BB /* ViewController.swift in Sources */ = {isa = PBXBuildFile; fileRef = 3B0FA58D29A7B71C001D61BB /* ViewController.swift */; };
		3B0FA59129A7B71C001D61BB /* Main.storyboard in Resources */ = {isa = PBXBuildFile; fileRef = 3B0FA58F29A7B71C001D61BB /* Main.storyboard */; };
		3B0FA59329A7B71E001D61BB /* Assets.xcassets in Resources */ = {isa = PBXBuildFile; fileRef = 3B0FA59229A7B71E001D61BB /* Assets.xcassets */; };
		3B0FA59629A7B71E001D61BB /* LaunchScreen.storyboard in Resources */ = {isa = PBXBuildFile; fileRef = 3B0FA59429A7B71E001D61BB /* LaunchScreen.storyboard */; };
		3B0FA5B229A7C2B4001D61BB /* SecondPage.swift in Sources */ = {isa = PBXBuildFile; fileRef = 3B0FA5B129A7C2B4001D61BB /* SecondPage.swift */; };
		3B0FA5B629A81653001D61BB /* SQLite in Frameworks */ = {isa = PBXBuildFile; productRef = 3B0FA5B529A81653001D61BB /* SQLite */; };
		3B0FA5B929A8360B001D61BB /* SwiftyXMLParser in Frameworks */ = {isa = PBXBuildFile; productRef = 3B0FA5B829A8360B001D61BB /* SwiftyXMLParser */; };
		3B0FA5BC29A8510D001D61BB /* Alamofire in Frameworks */ = {isa = PBXBuildFile; productRef = 3B0FA5BB29A8510D001D61BB /* Alamofire */; };
		3B0FA5BF29A8620B001D61BB /* AEXML in Frameworks */ = {isa = PBXBuildFile; productRef = 3B0FA5BE29A8620B001D61BB /* AEXML */; };
		3B61C2E329A8F398009D8D7F /* Data in Resources */ = {isa = PBXBuildFile; fileRef = 3B61C2E229A8F398009D8D7F /* Data */; };
		3B61C2E529A8F3EC009D8D7F /* Official-Data in Resources */ = {isa = PBXBuildFile; fileRef = 3B61C2E429A8F3EC009D8D7F /* Official-Data */; };
/* End PBXBuildFile section */

/* Begin PBXFileReference section */
		3B0FA58629A7B71C001D61BB /* RT-Lab-Mobile-Le_Anh_Dinh.app */ = {isa = PBXFileReference; explicitFileType = wrapper.application; includeInIndex = 0; path = "RT-Lab-Mobile-Le_Anh_Dinh.app"; sourceTree = BUILT_PRODUCTS_DIR; };
		3B0FA58929A7B71C001D61BB /* AppDelegate.swift */ = {isa = PBXFileReference; lastKnownFileType = sourcecode.swift; path = AppDelegate.swift; sourceTree = "<group>"; };
		3B0FA58B29A7B71C001D61BB /* SceneDelegate.swift */ = {isa = PBXFileReference; lastKnownFileType = sourcecode.swift; path = SceneDelegate.swift; sourceTree = "<group>"; };
		3B0FA58D29A7B71C001D61BB /* ViewController.swift */ = {isa = PBXFileReference; lastKnownFileType = sourcecode.swift; path = ViewController.swift; sourceTree = "<group>"; };
		3B0FA59029A7B71C001D61BB /* Base */ = {isa = PBXFileReference; lastKnownFileType = file.storyboard; name = Base; path = Base.lproj/Main.storyboard; sourceTree = "<group>"; };
		3B0FA59229A7B71E001D61BB /* Assets.xcassets */ = {isa = PBXFileReference; lastKnownFileType = folder.assetcatalog; path = Assets.xcassets; sourceTree = "<group>"; };
		3B0FA59529A7B71E001D61BB /* Base */ = {isa = PBXFileReference; lastKnownFileType = file.storyboard; name = Base; path = Base.lproj/LaunchScreen.storyboard; sourceTree = "<group>"; };
		3B0FA59729A7B71E001D61BB /* Info.plist */ = {isa = PBXFileReference; lastKnownFileType = text.plist.xml; path = Info.plist; sourceTree = "<group>"; };
		3B0FA5B129A7C2B4001D61BB /* SecondPage.swift */ = {isa = PBXFileReference; lastKnownFileType = sourcecode.swift; path = SecondPage.swift; sourceTree = "<group>"; };
		3B61C2E229A8F398009D8D7F /* Data */ = {isa = PBXFileReference; lastKnownFileType = folder; path = Data; sourceTree = "<group>"; };
		3B61C2E429A8F3EC009D8D7F /* Official-Data */ = {isa = PBXFileReference; lastKnownFileType = folder; path = "Official-Data"; sourceTree = "<group>"; };
/* End PBXFileReference section */

/* Begin PBXFrameworksBuildPhase section */
		3B0FA58329A7B71C001D61BB /* Frameworks */ = {
			isa = PBXFrameworksBuildPhase;
			buildActionMask = 2147483647;
			files = (
				3B0FA5BF29A8620B001D61BB /* AEXML in Frameworks */,
				3B0FA5BC29A8510D001D61BB /* Alamofire in Frameworks */,
				3B0FA5B629A81653001D61BB /* SQLite in Frameworks */,
				3B0FA5B929A8360B001D61BB /* SwiftyXMLParser in Frameworks */,
			);
			runOnlyForDeploymentPostprocessing = 0;
		};
/* End PBXFrameworksBuildPhase section */

/* Begin PBXGroup section */
		3B0FA57D29A7B71C001D61BB = {
			isa = PBXGroup;
			children = (
				3B0FA58829A7B71C001D61BB /* RT-Lab-Mobile-Le_Anh_Dinh */,
				3B0FA58729A7B71C001D61BB /* Products */,
			);
			sourceTree = "<group>";
		};
		3B0FA58729A7B71C001D61BB /* Products */ = {
			isa = PBXGroup;
			children = (
				3B0FA58629A7B71C001D61BB /* RT-Lab-Mobile-Le_Anh_Dinh.app */,
			);
			name = Products;
			sourceTree = "<group>";
		};
		3B0FA58829A7B71C001D61BB /* RT-Lab-Mobile-Le_Anh_Dinh */ = {
			isa = PBXGroup;
			children = (
				3B61C2E429A8F3EC009D8D7F /* Official-Data */,
				3B61C2E229A8F398009D8D7F /* Data */,
				3B0FA58929A7B71C001D61BB /* AppDelegate.swift */,
				3B0FA58B29A7B71C001D61BB /* SceneDelegate.swift */,
				3B0FA58D29A7B71C001D61BB /* ViewController.swift */,
				3B0FA5B129A7C2B4001D61BB /* SecondPage.swift */,
				3B0FA58F29A7B71C001D61BB /* Main.storyboard */,
				3B0FA59229A7B71E001D61BB /* Assets.xcassets */,
				3B0FA59429A7B71E001D61BB /* LaunchScreen.storyboard */,
				3B0FA59729A7B71E001D61BB /* Info.plist */,
			);
			path = "RT-Lab-Mobile-Le_Anh_Dinh";
			sourceTree = "<group>";
		};
/* End PBXGroup section */

/* Begin PBXNativeTarget section */
		3B0FA58529A7B71C001D61BB /* RT-Lab-Mobile-Le_Anh_Dinh */ = {
			isa = PBXNativeTarget;
			buildConfigurationList = 3B0FA59A29A7B71E001D61BB /* Build configuration list for PBXNativeTarget "RT-Lab-Mobile-Le_Anh_Dinh" */;
			buildPhases = (
				3B0FA58229A7B71C001D61BB /* Sources */,
				3B0FA58329A7B71C001D61BB /* Frameworks */,
				3B0FA58429A7B71C001D61BB /* Resources */,
			);
			buildRules = (
			);
			dependencies = (
			);
			name = "RT-Lab-Mobile-Le_Anh_Dinh";
			packageProductDependencies = (
				3B0FA5B529A81653001D61BB /* SQLite */,
				3B0FA5B829A8360B001D61BB /* SwiftyXMLParser */,
				3B0FA5BB29A8510D001D61BB /* Alamofire */,
				3B0FA5BE29A8620B001D61BB /* AEXML */,
			);
			productName = "RT-Lab-Mobile-Le_Anh_Dinh";
			productReference = 3B0FA58629A7B71C001D61BB /* RT-Lab-Mobile-Le_Anh_Dinh.app */;
			productType = "com.apple.product-type.application";
		};
/* End PBXNativeTarget section */

/* Begin PBXProject section */
		3B0FA57E29A7B71C001D61BB /* Project object */ = {
			isa = PBXProject;
			attributes = {
				BuildIndependentTargetsInParallel = 1;
				LastSwiftUpdateCheck = 1420;
				LastUpgradeCheck = 1420;
				TargetAttributes = {
					3B0FA58529A7B71C001D61BB = {
						CreatedOnToolsVersion = 14.2;
					};
				};
			};
			buildConfigurationList = 3B0FA58129A7B71C001D61BB /* Build configuration list for PBXProject "RT-Lab-Mobile-Le_Anh_Dinh" */;
			compatibilityVersion = "Xcode 14.0";
			developmentRegion = en;
			hasScannedForEncodings = 0;
			knownRegions = (
				en,
				Base,
			);
			mainGroup = 3B0FA57D29A7B71C001D61BB;
			packageReferences = (
				3B0FA5B429A81653001D61BB /* XCRemoteSwiftPackageReference "SQLite.swift" */,
				3B0FA5B729A8360B001D61BB /* XCRemoteSwiftPackageReference "SwiftyXMLParser" */,
				3B0FA5BA29A8510D001D61BB /* XCRemoteSwiftPackageReference "Alamofire" */,
				3B0FA5BD29A8620A001D61BB /* XCRemoteSwiftPackageReference "AEXML" */,
			);
			productRefGroup = 3B0FA58729A7B71C001D61BB /* Products */;
			projectDirPath = "";
			projectRoot = "";
			targets = (
				3B0FA58529A7B71C001D61BB /* RT-Lab-Mobile-Le_Anh_Dinh */,
			);
		};
/* End PBXProject section */

/* Begin PBXResourcesBuildPhase section */
		3B0FA58429A7B71C001D61BB /* Resources */ = {
			isa = PBXResourcesBuildPhase;
			buildActionMask = 2147483647;
			files = (
				3B0FA59629A7B71E001D61BB /* LaunchScreen.storyboard in Resources */,
				3B0FA59329A7B71E001D61BB /* Assets.xcassets in Resources */,
				3B61C2E329A8F398009D8D7F /* Data in Resources */,
				3B0FA59129A7B71C001D61BB /* Main.storyboard in Resources */,
				3B61C2E529A8F3EC009D8D7F /* Official-Data in Resources */,
			);
			runOnlyForDeploymentPostprocessing = 0;
		};
/* End PBXResourcesBuildPhase section */

/* Begin PBXSourcesBuildPhase section */
		3B0FA58229A7B71C001D61BB /* Sources */ = {
			isa = PBXSourcesBuildPhase;
			buildActionMask = 2147483647;
			files = (
				3B0FA5B229A7C2B4001D61BB /* SecondPage.swift in Sources */,
				3B0FA58E29A7B71C001D61BB /* ViewController.swift in Sources */,
				3B0FA58A29A7B71C001D61BB /* AppDelegate.swift in Sources */,
				3B0FA58C29A7B71C001D61BB /* SceneDelegate.swift in Sources */,
			);
			runOnlyForDeploymentPostprocessing = 0;
		};
/* End PBXSourcesBuildPhase section */

/* Begin PBXVariantGroup section */
		3B0FA58F29A7B71C001D61BB /* Main.storyboard */ = {
			isa = PBXVariantGroup;
			children = (
				3B0FA59029A7B71C001D61BB /* Base */,
			);
			name = Main.storyboard;
			sourceTree = "<group>";
		};
		3B0FA59429A7B71E001D61BB /* LaunchScreen.storyboard */ = {
			isa = PBXVariantGroup;
			children = (
				3B0FA59529A7B71E001D61BB /* Base */,
			);
			name = LaunchScreen.storyboard;
			sourceTree = "<group>";
		};
/* End PBXVariantGroup section */

/* Begin XCBuildConfiguration section */
		3B0FA59829A7B71E001D61BB /* Debug */ = {
			isa = XCBuildConfiguration;
			buildSettings = {
				ALWAYS_SEARCH_USER_PATHS = NO;
				CLANG_ANALYZER_NONNULL = YES;
				CLANG_ANALYZER_NUMBER_OBJECT_CONVERSION = YES_AGGRESSIVE;
				CLANG_CXX_LANGUAGE_STANDARD = "gnu++20";
				CLANG_ENABLE_MODULES = YES;
				CLANG_ENABLE_OBJC_ARC = YES;
				CLANG_ENABLE_OBJC_WEAK = YES;
				CLANG_WARN_BLOCK_CAPTURE_AUTORELEASING = YES;
				CLANG_WARN_BOOL_CONVERSION = YES;
				CLANG_WARN_COMMA = YES;
				CLANG_WARN_CONSTANT_CONVERSION = YES;
				CLANG_WARN_DEPRECATED_OBJC_IMPLEMENTATIONS = YES;
				CLANG_WARN_DIRECT_OBJC_ISA_USAGE = YES_ERROR;
				CLANG_WARN_DOCUMENTATION_COMMENTS = YES;
				CLANG_WARN_EMPTY_BODY = YES;
				CLANG_WARN_ENUM_CONVERSION = YES;
				CLANG_WARN_INFINITE_RECURSION = YES;
				CLANG_WARN_INT_CONVERSION = YES;
				CLANG_WARN_NON_LITERAL_NULL_CONVERSION = YES;
				CLANG_WARN_OBJC_IMPLICIT_RETAIN_SELF = YES;
				CLANG_WARN_OBJC_LITERAL_CONVERSION = YES;
				CLANG_WARN_OBJC_ROOT_CLASS = YES_ERROR;
				CLANG_WARN_QUOTED_INCLUDE_IN_FRAMEWORK_HEADER = YES;
				CLANG_WARN_RANGE_LOOP_ANALYSIS = YES;
				CLANG_WARN_STRICT_PROTOTYPES = YES;
				CLANG_WARN_SUSPICIOUS_MOVE = YES;
				CLANG_WARN_UNGUARDED_AVAILABILITY = YES_AGGRESSIVE;
				CLANG_WARN_UNREACHABLE_CODE = YES;
				CLANG_WARN__DUPLICATE_METHOD_MATCH = YES;
				COPY_PHASE_STRIP = NO;
				DEBUG_INFORMATION_FORMAT = dwarf;
				ENABLE_STRICT_OBJC_MSGSEND = YES;
				ENABLE_TESTABILITY = YES;
				GCC_C_LANGUAGE_STANDARD = gnu11;
				GCC_DYNAMIC_NO_PIC = NO;
				GCC_NO_COMMON_BLOCKS = YES;
				GCC_OPTIMIZATION_LEVEL = 0;
				GCC_PREPROCESSOR_DEFINITIONS = (
					"DEBUG=1",
					"$(inherited)",
				);
				GCC_WARN_64_TO_32_BIT_CONVERSION = YES;
				GCC_WARN_ABOUT_RETURN_TYPE = YES_ERROR;
				GCC_WARN_UNDECLARED_SELECTOR = YES;
				GCC_WARN_UNINITIALIZED_AUTOS = YES_AGGRESSIVE;
				GCC_WARN_UNUSED_FUNCTION = YES;
				GCC_WARN_UNUSED_VARIABLE = YES;
				IPHONEOS_DEPLOYMENT_TARGET = 16.2;
				MTL_ENABLE_DEBUG_INFO = INCLUDE_SOURCE;
				MTL_FAST_MATH = YES;
				ONLY_ACTIVE_ARCH = YES;
				SDKROOT = iphoneos;
				SWIFT_ACTIVE_COMPILATION_CONDITIONS = DEBUG;
				SWIFT_OPTIMIZATION_LEVEL = "-Onone";
			};
			name = Debug;
		};
		3B0FA59929A7B71E001D61BB /* Release */ = {
			isa = XCBuildConfiguration;
			buildSettings = {
				ALWAYS_SEARCH_USER_PATHS = NO;
				CLANG_ANALYZER_NONNULL = YES;
				CLANG_ANALYZER_NUMBER_OBJECT_CONVERSION = YES_AGGRESSIVE;
				CLANG_CXX_LANGUAGE_STANDARD = "gnu++20";
				CLANG_ENABLE_MODULES = YES;
				CLANG_ENABLE_OBJC_ARC = YES;
				CLANG_ENABLE_OBJC_WEAK = YES;
				CLANG_WARN_BLOCK_CAPTURE_AUTORELEASING = YES;
				CLANG_WARN_BOOL_CONVERSION = YES;
				CLANG_WARN_COMMA = YES;
				CLANG_WARN_CONSTANT_CONVERSION = YES;
				CLANG_WARN_DEPRECATED_OBJC_IMPLEMENTATIONS = YES;
				CLANG_WARN_DIRECT_OBJC_ISA_USAGE = YES_ERROR;
				CLANG_WARN_DOCUMENTATION_COMMENTS = YES;
				CLANG_WARN_EMPTY_BODY = YES;
				CLANG_WARN_ENUM_CONVERSION = YES;
				CLANG_WARN_INFINITE_RECURSION = YES;
				CLANG_WARN_INT_CONVERSION = YES;
				CLANG_WARN_NON_LITERAL_NULL_CONVERSION = YES;
				CLANG_WARN_OBJC_IMPLICIT_RETAIN_SELF = YES;
				CLANG_WARN_OBJC_LITERAL_CONVERSION = YES;
				CLANG_WARN_OBJC_ROOT_CLASS = YES_ERROR;
				CLANG_WARN_QUOTED_INCLUDE_IN_FRAMEWORK_HEADER = YES;
				CLANG_WARN_RANGE_LOOP_ANALYSIS = YES;
				CLANG_WARN_STRICT_PROTOTYPES = YES;
				CLANG_WARN_SUSPICIOUS_MOVE = YES;
				CLANG_WARN_UNGUARDED_AVAILABILITY = YES_AGGRESSIVE;
				CLANG_WARN_UNREACHABLE_CODE = YES;
				CLANG_WARN__DUPLICATE_METHOD_MATCH = YES;
				COPY_PHASE_STRIP = NO;
				DEBUG_INFORMATION_FORMAT = "dwarf-with-dsym";
				ENABLE_NS_ASSERTIONS = NO;
				ENABLE_STRICT_OBJC_MSGSEND = YES;
				GCC_C_LANGUAGE_STANDARD = gnu11;
				GCC_NO_COMMON_BLOCKS = YES;
				GCC_WARN_64_TO_32_BIT_CONVERSION = YES;
				GCC_WARN_ABOUT_RETURN_TYPE = YES_ERROR;
				GCC_WARN_UNDECLARED_SELECTOR = YES;
				GCC_WARN_UNINITIALIZED_AUTOS = YES_AGGRESSIVE;
				GCC_WARN_UNUSED_FUNCTION = YES;
				GCC_WARN_UNUSED_VARIABLE = YES;
				IPHONEOS_DEPLOYMENT_TARGET = 16.2;
				MTL_ENABLE_DEBUG_INFO = NO;
				MTL_FAST_MATH = YES;
				SDKROOT = iphoneos;
				SWIFT_COMPILATION_MODE = wholemodule;
				SWIFT_OPTIMIZATION_LEVEL = "-O";
				VALIDATE_PRODUCT = YES;
			};
			name = Release;
		};
		3B0FA59B29A7B71E001D61BB /* Debug */ = {
			isa = XCBuildConfiguration;
			buildSettings = {
				ASSETCATALOG_COMPILER_APPICON_NAME = AppIcon;
				ASSETCATALOG_COMPILER_GLOBAL_ACCENT_COLOR_NAME = AccentColor;
				CODE_SIGN_STYLE = Automatic;
				CURRENT_PROJECT_VERSION = 1;
				DEVELOPMENT_TEAM = D4VXT9B3AV;
				GENERATE_INFOPLIST_FILE = YES;
				INFOPLIST_FILE = "RT-Lab-Mobile-Le_Anh_Dinh/Info.plist";
				INFOPLIST_KEY_UIApplicationSupportsIndirectInputEvents = YES;
				INFOPLIST_KEY_UILaunchStoryboardName = LaunchScreen;
				INFOPLIST_KEY_UIMainStoryboardFile = Main;
				INFOPLIST_KEY_UISupportedInterfaceOrientations_iPad = "UIInterfaceOrientationPortrait UIInterfaceOrientationPortraitUpsideDown UIInterfaceOrientationLandscapeLeft UIInterfaceOrientationLandscapeRight";
				INFOPLIST_KEY_UISupportedInterfaceOrientations_iPhone = "UIInterfaceOrientationPortrait UIInterfaceOrientationLandscapeLeft UIInterfaceOrientationLandscapeRight";
				LD_RUNPATH_SEARCH_PATHS = (
					"$(inherited)",
					"@executable_path/Frameworks",
				);
				MARKETING_VERSION = 1.0;
				PRODUCT_BUNDLE_IDENTIFIER = "anhdinh.com.yourcompany.RT-Lab-Mobile-Le-Anh-Dinh";
				PRODUCT_NAME = "$(TARGET_NAME)";
				SWIFT_EMIT_LOC_STRINGS = YES;
				SWIFT_VERSION = 5.0;
				TARGETED_DEVICE_FAMILY = "1,2";
			};
			name = Debug;
		};
		3B0FA59C29A7B71E001D61BB /* Release */ = {
			isa = XCBuildConfiguration;
			buildSettings = {
				ASSETCATALOG_COMPILER_APPICON_NAME = AppIcon;
				ASSETCATALOG_COMPILER_GLOBAL_ACCENT_COLOR_NAME = AccentColor;
				CODE_SIGN_STYLE = Automatic;
				CURRENT_PROJECT_VERSION = 1;
				DEVELOPMENT_TEAM = D4VXT9B3AV;
				GENERATE_INFOPLIST_FILE = YES;
				INFOPLIST_FILE = "RT-Lab-Mobile-Le_Anh_Dinh/Info.plist";
				INFOPLIST_KEY_UIApplicationSupportsIndirectInputEvents = YES;
				INFOPLIST_KEY_UILaunchStoryboardName = LaunchScreen;
				INFOPLIST_KEY_UIMainStoryboardFile = Main;
				INFOPLIST_KEY_UISupportedInterfaceOrientations_iPad = "UIInterfaceOrientationPortrait UIInterfaceOrientationPortraitUpsideDown UIInterfaceOrientationLandscapeLeft UIInterfaceOrientationLandscapeRight";
				INFOPLIST_KEY_UISupportedInterfaceOrientations_iPhone = "UIInterfaceOrientationPortrait UIInterfaceOrientationLandscapeLeft UIInterfaceOrientationLandscapeRight";
				LD_RUNPATH_SEARCH_PATHS = (
					"$(inherited)",
					"@executable_path/Frameworks",
				);
				MARKETING_VERSION = 1.0;
				PRODUCT_BUNDLE_IDENTIFIER = "anhdinh.com.yourcompany.RT-Lab-Mobile-Le-Anh-Dinh";
				PRODUCT_NAME = "$(TARGET_NAME)";
				SWIFT_EMIT_LOC_STRINGS = YES;
				SWIFT_VERSION = 5.0;
				TARGETED_DEVICE_FAMILY = "1,2";
			};
			name = Release;
		};
/* End XCBuildConfiguration section */

/* Begin XCConfigurationList section */
		3B0FA58129A7B71C001D61BB /* Build configuration list for PBXProject "RT-Lab-Mobile-Le_Anh_Dinh" */ = {
			isa = XCConfigurationList;
			buildConfigurations = (
				3B0FA59829A7B71E001D61BB /* Debug */,
				3B0FA59929A7B71E001D61BB /* Release */,
			);
			defaultConfigurationIsVisible = 0;
			defaultConfigurationName = Release;
		};
		3B0FA59A29A7B71E001D61BB /* Build configuration list for PBXNativeTarget "RT-Lab-Mobile-Le_Anh_Dinh" */ = {
			isa = XCConfigurationList;
			buildConfigurations = (
				3B0FA59B29A7B71E001D61BB /* Debug */,
				3B0FA59C29A7B71E001D61BB /* Release */,
			);
			defaultConfigurationIsVisible = 0;
			defaultConfigurationName = Release;
		};
/* End XCConfigurationList section */

/* Begin XCRemoteSwiftPackageReference section */
		3B0FA5B429A81653001D61BB /* XCRemoteSwiftPackageReference "SQLite.swift" */ = {
			isa = XCRemoteSwiftPackageReference;
			repositoryURL = "https://github.com/stephencelis/SQLite.swift.git";
			requirement = {
				kind = upToNextMajorVersion;
				minimumVersion = 0.9.2;
			};
		};
		3B0FA5B729A8360B001D61BB /* XCRemoteSwiftPackageReference "SwiftyXMLParser" */ = {
			isa = XCRemoteSwiftPackageReference;
			repositoryURL = "https://github.com/yahoojapan/SwiftyXMLParser";
			requirement = {
				kind = upToNextMajorVersion;
				minimumVersion = 5.0.0;
			};
		};
		3B0FA5BA29A8510D001D61BB /* XCRemoteSwiftPackageReference "Alamofire" */ = {
			isa = XCRemoteSwiftPackageReference;
			repositoryURL = "https://github.com/Alamofire/Alamofire.git";
			requirement = {
				kind = upToNextMajorVersion;
				minimumVersion = 5.0.0;
			};
		};
		3B0FA5BD29A8620A001D61BB /* XCRemoteSwiftPackageReference "AEXML" */ = {
			isa = XCRemoteSwiftPackageReference;
			repositoryURL = "https://github.com/tadija/AEXML.git";
			requirement = {
				kind = upToNextMajorVersion;
				minimumVersion = 4.0.0;
			};
		};
/* End XCRemoteSwiftPackageReference section */

/* Begin XCSwiftPackageProductDependency section */
		3B0FA5B529A81653001D61BB /* SQLite */ = {
			isa = XCSwiftPackageProductDependency;
			package = 3B0FA5B429A81653001D61BB /* XCRemoteSwiftPackageReference "SQLite.swift" */;
			productName = SQLite;
		};
		3B0FA5B829A8360B001D61BB /* SwiftyXMLParser */ = {
			isa = XCSwiftPackageProductDependency;
			package = 3B0FA5B729A8360B001D61BB /* XCRemoteSwiftPackageReference "SwiftyXMLParser" */;
			productName = SwiftyXMLParser;
		};
		3B0FA5BB29A8510D001D61BB /* Alamofire */ = {
			isa = XCSwiftPackageProductDependency;
			package = 3B0FA5BA29A8510D001D61BB /* XCRemoteSwiftPackageReference "Alamofire" */;
			productName = Alamofire;
		};
		3B0FA5BE29A8620B001D61BB /* AEXML */ = {
			isa = XCSwiftPackageProductDependency;
			package = 3B0FA5BD29A8620A001D61BB /* XCRemoteSwiftPackageReference "AEXML" */;
			productName = AEXML;
		};
/* End XCSwiftPackageProductDependency section */
	};
	rootObject = 3B0FA57E29A7B71C001D61BB /* Project object */;
}
